
Microsoft Visual Studio Solution File, Format Version 12.00
# Visual Studio Version 16
VisualStudioVersion = 16.0.30413.136
MinimumVisualStudioVersion = 10.0.40219.1
Project("{FAE04EC0-301F-11D3-BF4B-00C04F79EFBC}") = "WindowsFormsApp1", "WindowsFormsApp1\WindowsFormsApp1.csproj", "{A5737A40-CD6A-4938-A607-22A38D0E0A41}"
EndProject
Global
	GlobalSection(SolutionConfigurationPlatforms) = preSolution
		Debug|Any CPU = Debug|Any CPU
		Release|Any CPU = Release|Any CPU
	EndGlobalSection
	GlobalSection(ProjectConfigurationPlatforms) = postSolution
		{A5737A40-CD6A-4938-A607-22A38D0E0A41}.Debug|Any CPU.ActiveCfg = Debug|Any CPU
		{A5737A40-CD6A-4938-A607-22A38D0E0A41}.Debug|Any CPU.Build.0 = Debug|Any CPU
		{A5737A40-CD6A-4938-A607-22A38D0E0A41}.Release|Any CPU.ActiveCfg = Release|Any CPU
		{A5737A40-CD6A-4938-A607-22A38D0E0A41}.Release|Any CPU.Build.0 = Release|Any CPU
	EndGlobalSection
	GlobalSection(SolutionProperties) = preSolution
		HideSolutionNode = FALSE
	EndGlobalSection
	GlobalSection(ExtensibilityGlobals) = postSolution
		SolutionGuid = {FD56CDBA-5717-4382-8C79-E931081F75F0}
	EndGlobalSection
EndGlobal
